
Microsoft Visual Studio Solution File, Format Version 12.00
# Visual Studio Version 16
VisualStudioVersion = 16.0.31702.278
MinimumVisualStudioVersion = 10.0.40219.1
Project("{FAE04EC0-301F-11D3-BF4B-00C04F79EFBC}") = "WebApplication4", "WebApplication4\WebApplication4.csproj", "{F5E79D13-2EBD-4B2D-B672-BC88866ACE46}"
EndProject
Global
	GlobalSection(SolutionConfigurationPlatforms) = preSolution
		Debug|Any CPU = Debug|Any CPU
		Release|Any CPU = Release|Any CPU
	EndGlobalSection
	GlobalSection(ProjectConfigurationPlatforms) = postSolution
		{F5E79D13-2EBD-4B2D-B672-BC88866ACE46}.Debug|Any CPU.ActiveCfg = Debug|Any CPU
		{F5E79D13-2EBD-4B2D-B672-BC88866ACE46}.Debug|Any CPU.Build.0 = Debug|Any CPU
		{F5E79D13-2EBD-4B2D-B672-BC88866ACE46}.Release|Any CPU.ActiveCfg = Release|Any CPU
		{F5E79D13-2EBD-4B2D-B672-BC88866ACE46}.Release|Any CPU.Build.0 = Release|Any CPU
	EndGlobalSection
	GlobalSection(SolutionProperties) = preSolution
		HideSolutionNode = FALSE
	EndGlobalSection
	GlobalSection(ExtensibilityGlobals) = postSolution
		SolutionGuid = {D766BB92-27F0-4B8D-B400-241FB106CC36}
	EndGlobalSection
EndGlobal
